github.com/eclipse/paho.mqtt.golang v1.4.3 h1:2kDUerTVyTfF9t3xin6lG4cMw0jO0WwZv4tA8vW4y0c=
github.com/eclipse/paho.mqtt.golang v1.4.3/go.mod h1:0cPnFqjRpO4dGwzH8h8xk+M8qMqFx4DNn8W5kqNz4kc=
github.com/gorilla/websocket v1.5.0 h1:PPwGk2jz7EePpoHN/+ClbZu8SPxiqlu14wZ/V37Ht4w=
github.com/gorilla/websocket v1.5.0/go.mod h1:YR8l580nyteQvAITg2hZ9XVh4b55+EU/adAjf1fMHhE=
github.com/jlaffaye/ftp v0.2.0 h1:lXNvW7cBu7R/68bknOX3MrRIIqZm1zD14V0N2zOT9+I=
github.com/jlaffaye/ftp v0.2.0/go.mod h1:is2Ds5qkhceAPy2Y6MjSufH0Z2Zw2HfLpTGRwSLpFG4=
golang.org/x/net v0.17.0 h1:pVaXccu2ozPjCXewfr1S7xzaCzXT4CkAYdaI9E0vMDk=
golang.org/x/net v0.17.0/go.mod h1:NxSsAGuq816PNPmqtQdLE42eU2Fs7NoRIZrHJAlaCOE=
golang.org/x/sync v0.1.0 h1:wsuoTGHzEhGaw+h4U6LMD/jQEYCp+N5Kz8yQM8/W2k0=
golang.org/x/sync v0.1.0/go.mod h1:RxMgew5VJxzue5/jJTE5uejpjVlOe/izrB70Jof72aM=
golang.org/x/text v0.14.0 h1:ScX5w1eTa3QqT8oi6+ziP7dTV1S2+ALU0bI+0zXKWiQ=
golang.org/x/text v0.14.0/go.mod h1:18ZOQIKpY8NJVqYksKHtTdi31H5itFRjB5/qKTNYzSU=
